
Microsoft Visual Studio Solution File, Format Version 12.00
# Visual Studio Version 17
VisualStudioVersion = 17.8.34511.84
MinimumVisualStudioVersion = 10.0.40219.1
Project("{FAE04EC0-301F-11D3-BF4B-00C04F79EFBC}") = "webappMVC", "webappMVC.csproj", "{7911F570-8D48-4E54-BA5E-07C964CF0490}"
EndProject
Global
	GlobalSection(SolutionConfigurationPlatforms) = preSolution
		Debug|Any CPU = Debug|Any CPU
		Release|Any CPU = Release|Any CPU
	EndGlobalSection
	GlobalSection(ProjectConfigurationPlatforms) = postSolution
		{7911F570-8D48-4E54-BA5E-07C964CF0490}.Debug|Any CPU.ActiveCfg = Debug|Any CPU
		{7911F570-8D48-4E54-BA5E-07C964CF0490}.Debug|Any CPU.Build.0 = Debug|Any CPU
		{7911F570-8D48-4E54-BA5E-07C964CF0490}.Release|Any CPU.ActiveCfg = Release|Any CPU
		{7911F570-8D48-4E54-BA5E-07C964CF0490}.Release|Any CPU.Build.0 = Release|Any CPU
	EndGlobalSection
	GlobalSection(SolutionProperties) = preSolution
		HideSolutionNode = FALSE
	EndGlobalSection
	GlobalSection(ExtensibilityGlobals) = postSolution
		SolutionGuid = {CE300DE9-F984-45B0-B866-DF16F1A289E7}
	EndGlobalSection
EndGlobal
